
Microsoft Visual Studio Solution File, Format Version 12.00
# Visual Studio Version 17
VisualStudioVersion = 17.5.33627.172
MinimumVisualStudioVersion = 10.0.40219.1
Project("{D2ABAB84-BF74-430A-B69E-9DC6D40DDA17}") = "MultidimensionalProject_list_five", "MultidimensionalProject_list_five.dwproj", "{F6B2BE7A-0AF0-4954-9919-38003A62A279}"
EndProject
Global
	GlobalSection(SolutionConfigurationPlatforms) = preSolution
		Development|Default = Development|Default
	EndGlobalSection
	GlobalSection(ProjectConfigurationPlatforms) = postSolution
		{F6B2BE7A-0AF0-4954-9919-38003A62A279}.Development|Default.ActiveCfg = Development
		{F6B2BE7A-0AF0-4954-9919-38003A62A279}.Development|Default.Build.0 = Development
		{F6B2BE7A-0AF0-4954-9919-38003A62A279}.Development|Default.Deploy.0 = Development
	EndGlobalSection
	GlobalSection(SolutionProperties) = preSolution
		HideSolutionNode = FALSE
	EndGlobalSection
	GlobalSection(ExtensibilityGlobals) = postSolution
		SolutionGuid = {D73E64A1-07EE-43A5-BC1F-ED11C6AF606E}
	EndGlobalSection
EndGlobal
