
Microsoft Visual Studio Solution File, Format Version 12.00
# Visual Studio Version 17
VisualStudioVersion = 17.5.33627.172
MinimumVisualStudioVersion = 10.0.40219.1
Project("{C9674DCB-5085-4A16-B785-4C70DD1589BD}") = "Integration Services Project_list_five", "Integration Services Project_list_five.dtproj", "{AA469412-D09D-4097-BCD1-D30582DAAA33}"
EndProject
Global
	GlobalSection(SolutionConfigurationPlatforms) = preSolution
		Development|Default = Development|Default
	EndGlobalSection
	GlobalSection(ProjectConfigurationPlatforms) = postSolution
		{AA469412-D09D-4097-BCD1-D30582DAAA33}.Development|Default.ActiveCfg = Development
		{AA469412-D09D-4097-BCD1-D30582DAAA33}.Development|Default.Build.0 = Development
	EndGlobalSection
	GlobalSection(SolutionProperties) = preSolution
		HideSolutionNode = FALSE
	EndGlobalSection
	GlobalSection(ExtensibilityGlobals) = postSolution
		SolutionGuid = {AE73CAC1-595A-4394-BF14-16EB3789BF5C}
	EndGlobalSection
EndGlobal
